
Microsoft Visual Studio Solution File, Format Version 12.00
# Visual Studio Version 17
VisualStudioVersion = 17.5.33530.505
MinimumVisualStudioVersion = 10.0.40219.1
Project("{FAE04EC0-301F-11D3-BF4B-00C04F79EFBC}") = "ExamenFinalGrupo18", "ExamenFinalGrupo18\ExamenFinalGrupo18.csproj", "{C5F22B2B-9C2C-4059-815D-7E87AAEABCE1}"
EndProject
Global
	GlobalSection(SolutionConfigurationPlatforms) = preSolution
		Debug|Any CPU = Debug|Any CPU
		Release|Any CPU = Release|Any CPU
	EndGlobalSection
	GlobalSection(ProjectConfigurationPlatforms) = postSolution
		{C5F22B2B-9C2C-4059-815D-7E87AAEABCE1}.Debug|Any CPU.ActiveCfg = Debug|Any CPU
		{C5F22B2B-9C2C-4059-815D-7E87AAEABCE1}.Debug|Any CPU.Build.0 = Debug|Any CPU
		{C5F22B2B-9C2C-4059-815D-7E87AAEABCE1}.Release|Any CPU.ActiveCfg = Release|Any CPU
		{C5F22B2B-9C2C-4059-815D-7E87AAEABCE1}.Release|Any CPU.Build.0 = Release|Any CPU
	EndGlobalSection
	GlobalSection(SolutionProperties) = preSolution
		HideSolutionNode = FALSE
	EndGlobalSection
	GlobalSection(ExtensibilityGlobals) = postSolution
		SolutionGuid = {9B73D765-443D-4029-99F1-D3AF0C9608F7}
	EndGlobalSection
EndGlobal
